
Microsoft Visual Studio Solution File, Format Version 12.00
# Visual Studio Version 17
VisualStudioVersion = 17.12.35527.113
MinimumVisualStudioVersion = 10.0.40219.1
Project("{FAE04EC0-301F-11D3-BF4B-00C04F79EFBC}") = "Packpal", "Packpal.csproj", "{DC94EB33-DFB2-47A9-B7F1-113031C632AB}"
EndProject
Project("{FAE04EC0-301F-11D3-BF4B-00C04F79EFBC}") = "Packpal.BLL", "..\Packpal.Service\Packpal.BLL.csproj", "{72BF08F7-1457-4101-84B4-F2B9FDBA4B5C}"
EndProject
Project("{FAE04EC0-301F-11D3-BF4B-00C04F79EFBC}") = "Packpal.DAL", "..\Packpal.Repository\Packpal.DAL.csproj", "{06681E09-2722-4FA7-861D-23274A609724}"
EndProject
Global
	GlobalSection(SolutionConfigurationPlatforms) = preSolution
		Debug|Any CPU = Debug|Any CPU
		Release|Any CPU = Release|Any CPU
	EndGlobalSection
	GlobalSection(ProjectConfigurationPlatforms) = postSolution
		{DC94EB33-DFB2-47A9-B7F1-113031C632AB}.Debug|Any CPU.ActiveCfg = Debug|Any CPU
		{DC94EB33-DFB2-47A9-B7F1-113031C632AB}.Debug|Any CPU.Build.0 = Debug|Any CPU
		{DC94EB33-DFB2-47A9-B7F1-113031C632AB}.Release|Any CPU.ActiveCfg = Release|Any CPU
		{DC94EB33-DFB2-47A9-B7F1-113031C632AB}.Release|Any CPU.Build.0 = Release|Any CPU
		{72BF08F7-1457-4101-84B4-F2B9FDBA4B5C}.Debug|Any CPU.ActiveCfg = Debug|Any CPU
		{72BF08F7-1457-4101-84B4-F2B9FDBA4B5C}.Debug|Any CPU.Build.0 = Debug|Any CPU
		{72BF08F7-1457-4101-84B4-F2B9FDBA4B5C}.Release|Any CPU.ActiveCfg = Release|Any CPU
		{72BF08F7-1457-4101-84B4-F2B9FDBA4B5C}.Release|Any CPU.Build.0 = Release|Any CPU
		{06681E09-2722-4FA7-861D-23274A609724}.Debug|Any CPU.ActiveCfg = Debug|Any CPU
		{06681E09-2722-4FA7-861D-23274A609724}.Debug|Any CPU.Build.0 = Debug|Any CPU
		{06681E09-2722-4FA7-861D-23274A609724}.Release|Any CPU.ActiveCfg = Release|Any CPU
		{06681E09-2722-4FA7-861D-23274A609724}.Release|Any CPU.Build.0 = Release|Any CPU
	EndGlobalSection
	GlobalSection(SolutionProperties) = preSolution
		HideSolutionNode = FALSE
	EndGlobalSection
EndGlobal
